
Microsoft Visual Studio Solution File, Format Version 12.00
# Visual Studio Version 16
VisualStudioVersion = 16.0.29920.165
MinimumVisualStudioVersion = 10.0.40219.1
Project("{FAE04EC0-301F-11D3-BF4B-00C04F79EFBC}") = "cash_counter-using_queue", "cash_counter-using_queue.csproj", "{0417FF1D-1AEB-45AB-8352-6A8D8BF061BD}"
EndProject
Global
	GlobalSection(SolutionConfigurationPlatforms) = preSolution
		Debug|Any CPU = Debug|Any CPU
		Release|Any CPU = Release|Any CPU
	EndGlobalSection
	GlobalSection(ProjectConfigurationPlatforms) = postSolution
		{0417FF1D-1AEB-45AB-8352-6A8D8BF061BD}.Debug|Any CPU.ActiveCfg = Debug|Any CPU
		{0417FF1D-1AEB-45AB-8352-6A8D8BF061BD}.Debug|Any CPU.Build.0 = Debug|Any CPU
		{0417FF1D-1AEB-45AB-8352-6A8D8BF061BD}.Release|Any CPU.ActiveCfg = Release|Any CPU
		{0417FF1D-1AEB-45AB-8352-6A8D8BF061BD}.Release|Any CPU.Build.0 = Release|Any CPU
	EndGlobalSection
	GlobalSection(SolutionProperties) = preSolution
		HideSolutionNode = FALSE
	EndGlobalSection
	GlobalSection(ExtensibilityGlobals) = postSolution
		SolutionGuid = {E1593D5B-5997-41C8-B278-588CC63C9751}
	EndGlobalSection
EndGlobal
